
Microsoft Visual Studio Solution File, Format Version 12.00
# Visual Studio Version 17
VisualStudioVersion = 17.5.002.0
MinimumVisualStudioVersion = 10.0.40219.1
Project("{9A19103F-16F7-4668-BE54-9A1E7A4F7556}") = "DesafioFundamentos", "DesafioFundamentos\DesafioFundamentos.csproj", "{449E0A27-0863-4B9E-866A-88C8FF308A30}"
EndProject
Global
	GlobalSection(SolutionConfigurationPlatforms) = preSolution
		Debug|Any CPU = Debug|Any CPU
		Release|Any CPU = Release|Any CPU
	EndGlobalSection
	GlobalSection(ProjectConfigurationPlatforms) = postSolution
		{449E0A27-0863-4B9E-866A-88C8FF308A30}.Debug|Any CPU.ActiveCfg = Debug|Any CPU
		{449E0A27-0863-4B9E-866A-88C8FF308A30}.Debug|Any CPU.Build.0 = Debug|Any CPU
		{449E0A27-0863-4B9E-866A-88C8FF308A30}.Release|Any CPU.ActiveCfg = Release|Any CPU
		{449E0A27-0863-4B9E-866A-88C8FF308A30}.Release|Any CPU.Build.0 = Release|Any CPU
	EndGlobalSection
	GlobalSection(SolutionProperties) = preSolution
		HideSolutionNode = FALSE
	EndGlobalSection
	GlobalSection(ExtensibilityGlobals) = postSolution
		SolutionGuid = {13F05E14-DD99-4C9D-9276-3381F53FE4A0}
	EndGlobalSection
EndGlobal
